// !$*UTF8*$!
{
	archiveVersion = 1;
	classes = {
	};
	objectVersion = 46;
	objects = {

/* Begin PBXBuildFile section */
		086D57CE8FB5BAAC3974F2F5 /* Pods_KiwiPopularDes.framework in Frameworks */ = {isa = PBXBuildFile; fileRef = 458667686F21ACE04B49B346 /* Pods_KiwiPopularDes.framework */; };
		0E319A6C1E6F4B5600C092A8 /* ic_next.png in Resources */ = {isa = PBXBuildFile; fileRef = 0E319A6B1E6F4B5500C092A8 /* ic_next.png */; };
		0E49DE661E707E0D000118A6 /* ic_arrow_right.png in Resources */ = {isa = PBXBuildFile; fileRef = 0E49DE651E707E0D000118A6 /* ic_arrow_right.png */; };
		0E49DE691E709AC7000118A6 /* Helper.swift in Sources */ = {isa = PBXBuildFile; fileRef = 0E49DE681E709AC7000118A6 /* Helper.swift */; };
		0E57E9671E6F350300EF0546 /* ListDestinationViewController.swift in Sources */ = {isa = PBXBuildFile; fileRef = 0E57E9661E6F350300EF0546 /* ListDestinationViewController.swift */; };
		0E57E9691E6F373A00EF0546 /* Flight.swift in Sources */ = {isa = PBXBuildFile; fileRef = 0E57E9681E6F373A00EF0546 /* Flight.swift */; };
		0E57E96C1E6F386D00EF0546 /* list_flights in Resources */ = {isa = PBXBuildFile; fileRef = 0E57E96B1E6F386D00EF0546 /* list_flights */; };
		0E83006D1E6F831F001FCD8F /* FlightDetailViewController.swift in Sources */ = {isa = PBXBuildFile; fileRef = 0E83006C1E6F831F001FCD8F /* FlightDetailViewController.swift */; };
		0EAFB12D1E6F27CD00E30801 /* AppDelegate.swift in Sources */ = {isa = PBXBuildFile; fileRef = 0EAFB12C1E6F27CD00E30801 /* AppDelegate.swift */; };
		0EAFB1321E6F27CD00E30801 /* Main.storyboard in Resources */ = {isa = PBXBuildFile; fileRef = 0EAFB1301E6F27CD00E30801 /* Main.storyboard */; };
		0EAFB1341E6F27CD00E30801 /* Assets.xcassets in Resources */ = {isa = PBXBuildFile; fileRef = 0EAFB1331E6F27CD00E30801 /* Assets.xcassets */; };
		0EAFB1371E6F27CD00E30801 /* LaunchScreen.storyboard in Resources */ = {isa = PBXBuildFile; fileRef = 0EAFB1351E6F27CD00E30801 /* LaunchScreen.storyboard */; };
/* End PBXBuildFile section */

/* Begin PBXFileReference section */
		0E319A6B1E6F4B5500C092A8 /* ic_next.png */ = {isa = PBXFileReference; lastKnownFileType = image.png; path = ic_next.png; sourceTree = "<group>"; };
		0E49DE651E707E0D000118A6 /* ic_arrow_right.png */ = {isa = PBXFileReference; lastKnownFileType = image.png; path = ic_arrow_right.png; sourceTree = "<group>"; };
		0E49DE681E709AC7000118A6 /* Helper.swift */ = {isa = PBXFileReference; fileEncoding = 4; lastKnownFileType = sourcecode.swift; path = Helper.swift; sourceTree = "<group>"; };
		0E57E9661E6F350300EF0546 /* ListDestinationViewController.swift */ = {isa = PBXFileReference; fileEncoding = 4; lastKnownFileType = sourcecode.swift; path = ListDestinationViewController.swift; sourceTree = "<group>"; };
		0E57E9681E6F373A00EF0546 /* Flight.swift */ = {isa = PBXFileReference; fileEncoding = 4; lastKnownFileType = sourcecode.swift; path = Flight.swift; sourceTree = "<group>"; };
		0E57E96B1E6F386D00EF0546 /* list_flights */ = {isa = PBXFileReference; fileEncoding = 4; lastKnownFileType = text; path = list_flights; sourceTree = "<group>"; };
		0E83006C1E6F831F001FCD8F /* FlightDetailViewController.swift */ = {isa = PBXFileReference; fileEncoding = 4; lastKnownFileType = sourcecode.swift; path = FlightDetailViewController.swift; sourceTree = "<group>"; };
		0EAFB1291E6F27CD00E30801 /* KiwiPopularDes.app */ = {isa = PBXFileReference; explicitFileType = wrapper.application; includeInIndex = 0; path = KiwiPopularDes.app; sourceTree = BUILT_PRODUCTS_DIR; };
		0EAFB12C1E6F27CD00E30801 /* AppDelegate.swift */ = {isa = PBXFileReference; lastKnownFileType = sourcecode.swift; path = AppDelegate.swift; sourceTree = "<group>"; };
		0EAFB1311E6F27CD00E30801 /* Base */ = {isa = PBXFileReference; lastKnownFileType = file.storyboard; name = Base; path = Base.lproj/Main.storyboard; sourceTree = "<group>"; };
		0EAFB1331E6F27CD00E30801 /* Assets.xcassets */ = {isa = PBXFileReference; lastKnownFileType = folder.assetcatalog; path = Assets.xcassets; sourceTree = "<group>"; };
		0EAFB1361E6F27CD00E30801 /* Base */ = {isa = PBXFileReference; lastKnownFileType = file.storyboard; name = Base; path = Base.lproj/LaunchScreen.storyboard; sourceTree = "<group>"; };
		0EAFB1381E6F27CD00E30801 /* Info.plist */ = {isa = PBXFileReference; lastKnownFileType = text.plist.xml; path = Info.plist; sourceTree = "<group>"; };
		458667686F21ACE04B49B346 /* Pods_KiwiPopularDes.framework */ = {isa = PBXFileReference; explicitFileType = wrapper.framework; includeInIndex = 0; path = Pods_KiwiPopularDes.framework; sourceTree = BUILT_PRODUCTS_DIR; };
		4BBD3C6E1B9CBC95CDB724E5 /* Pods-KiwiPopularDes.debug.xcconfig */ = {isa = PBXFileReference; includeInIndex = 1; lastKnownFileType = text.xcconfig; name = "Pods-KiwiPopularDes.debug.xcconfig"; path = "Pods/Target Support Files/Pods-KiwiPopularDes/Pods-KiwiPopularDes.debug.xcconfig"; sourceTree = "<group>"; };
		5AE56FB5396FD9D0F2A0836F /* Pods-KiwiPopularDes.release.xcconfig */ = {isa = PBXFileReference; includeInIndex = 1; lastKnownFileType = text.xcconfig; name = "Pods-KiwiPopularDes.release.xcconfig"; path = "Pods/Target Support Files/Pods-KiwiPopularDes/Pods-KiwiPopularDes.release.xcconfig"; sourceTree = "<group>"; };
/* End PBXFileReference section */

/* Begin PBXFrameworksBuildPhase section */
		0EAFB1261E6F27CC00E30801 /* Frameworks */ = {
			isa = PBXFrameworksBuildPhase;
			buildActionMask = 2147483647;
			files = (
				086D57CE8FB5BAAC3974F2F5 /* Pods_KiwiPopularDes.framework in Frameworks */,
			);
			runOnlyForDeploymentPostprocessing = 0;
		};
/* End PBXFrameworksBuildPhase section */

/* Begin PBXGroup section */
		0E319A6A1E6F4B5500C092A8 /* images */ = {
			isa = PBXGroup;
			children = (
				0E49DE651E707E0D000118A6 /* ic_arrow_right.png */,
				0E319A6B1E6F4B5500C092A8 /* ic_next.png */,
			);
			path = images;
			sourceTree = "<group>";
		};
		0E49DE671E709AB9000118A6 /* services */ = {
			isa = PBXGroup;
			children = (
				0E49DE681E709AC7000118A6 /* Helper.swift */,
			);
			path = services;
			sourceTree = "<group>";
		};
		0E57E9631E6F34CC00EF0546 /* viewcontrollers */ = {
			isa = PBXGroup;
			children = (
				0E57E9661E6F350300EF0546 /* ListDestinationViewController.swift */,
				0E83006C1E6F831F001FCD8F /* FlightDetailViewController.swift */,
			);
			path = viewcontrollers;
			sourceTree = "<group>";
		};
		0E57E9641E6F34CC00EF0546 /* views */ = {
			isa = PBXGroup;
			children = (
			);
			path = views;
			sourceTree = "<group>";
		};
		0E57E9651E6F34D100EF0546 /* models */ = {
			isa = PBXGroup;
			children = (
				0E57E9681E6F373A00EF0546 /* Flight.swift */,
			);
			path = models;
			sourceTree = "<group>";
		};
		0E57E96A1E6F384F00EF0546 /* resources */ = {
			isa = PBXGroup;
			children = (
				0E319A6A1E6F4B5500C092A8 /* images */,
				0E57E96B1E6F386D00EF0546 /* list_flights */,
			);
			path = resources;
			sourceTree = "<group>";
		};
		0EAFB1201E6F27CC00E30801 = {
			isa = PBXGroup;
			children = (
				0EAFB12B1E6F27CD00E30801 /* KiwiPopularDes */,
				0EAFB12A1E6F27CD00E30801 /* Products */,
				E12B43F715E45CC1B7CD3A4E /* Pods */,
				15B48B80F648A28FC2E8A00E /* Frameworks */,
			);
			sourceTree = "<group>";
		};
		0EAFB12A1E6F27CD00E30801 /* Products */ = {
			isa = PBXGroup;
			children = (
				0EAFB1291E6F27CD00E30801 /* KiwiPopularDes.app */,
			);
			name = Products;
			sourceTree = "<group>";
		};
		0EAFB12B1E6F27CD00E30801 /* KiwiPopularDes */ = {
			isa = PBXGroup;
			children = (
				0E49DE671E709AB9000118A6 /* services */,
				0E57E96A1E6F384F00EF0546 /* resources */,
				0E57E9651E6F34D100EF0546 /* models */,
				0E57E9631E6F34CC00EF0546 /* viewcontrollers */,
				0E57E9641E6F34CC00EF0546 /* views */,
				0EAFB12C1E6F27CD00E30801 /* AppDelegate.swift */,
				0EAFB1301E6F27CD00E30801 /* Main.storyboard */,
				0EAFB1331E6F27CD00E30801 /* Assets.xcassets */,
				0EAFB1351E6F27CD00E30801 /* LaunchScreen.storyboard */,
				0EAFB1381E6F27CD00E30801 /* Info.plist */,
			);
			path = KiwiPopularDes;
			sourceTree = "<group>";
		};
		15B48B80F648A28FC2E8A00E /* Frameworks */ = {
			isa = PBXGroup;
			children = (
				458667686F21ACE04B49B346 /* Pods_KiwiPopularDes.framework */,
			);
			name = Frameworks;
			sourceTree = "<group>";
		};
		E12B43F715E45CC1B7CD3A4E /* Pods */ = {
			isa = PBXGroup;
			children = (
				4BBD3C6E1B9CBC95CDB724E5 /* Pods-KiwiPopularDes.debug.xcconfig */,
				5AE56FB5396FD9D0F2A0836F /* Pods-KiwiPopularDes.release.xcconfig */,
			);
			name = Pods;
			sourceTree = "<group>";
		};
/* End PBXGroup section */

/* Begin PBXNativeTarget section */
		0EAFB1281E6F27CC00E30801 /* KiwiPopularDes */ = {
			isa = PBXNativeTarget;
			buildConfigurationList = 0EAFB13B1E6F27CD00E30801 /* Build configuration list for PBXNativeTarget "KiwiPopularDes" */;
			buildPhases = (
				9799EFEB956B1F42A36076AC /* [CP] Check Pods Manifest.lock */,
				0EAFB1251E6F27CC00E30801 /* Sources */,
				0EAFB1261E6F27CC00E30801 /* Frameworks */,
				0EAFB1271E6F27CC00E30801 /* Resources */,
				44632F6210C900B494DD6DF5 /* [CP] Embed Pods Frameworks */,
				E49DB62BBA116CBFD5BD3BA1 /* [CP] Copy Pods Resources */,
			);
			buildRules = (
			);
			dependencies = (
			);
			name = KiwiPopularDes;
			productName = KiwiPopularDes;
			productReference = 0EAFB1291E6F27CD00E30801 /* KiwiPopularDes.app */;
			productType = "com.apple.product-type.application";
		};
/* End PBXNativeTarget section */

/* Begin PBXProject section */
		0EAFB1211E6F27CC00E30801 /* Project object */ = {
			isa = PBXProject;
			attributes = {
				LastSwiftUpdateCheck = 0820;
				LastUpgradeCheck = 0820;
				ORGANIZATIONNAME = "Hung Nguyen";
				TargetAttributes = {
					0EAFB1281E6F27CC00E30801 = {
						CreatedOnToolsVersion = 8.2.1;
						DevelopmentTeam = RCL8D853WN;
						ProvisioningStyle = Automatic;
					};
				};
			};
			buildConfigurationList = 0EAFB1241E6F27CC00E30801 /* Build configuration list for PBXProject "KiwiPopularDes" */;
			compatibilityVersion = "Xcode 3.2";
			developmentRegion = English;
			hasScannedForEncodings = 0;
			knownRegions = (
				en,
				Base,
			);
			mainGroup = 0EAFB1201E6F27CC00E30801;
			productRefGroup = 0EAFB12A1E6F27CD00E30801 /* Products */;
			projectDirPath = "";
			projectRoot = "";
			targets = (
				0EAFB1281E6F27CC00E30801 /* KiwiPopularDes */,
			);
		};
/* End PBXProject section */

/* Begin PBXResourcesBuildPhase section */
		0EAFB1271E6F27CC00E30801 /* Resources */ = {
			isa = PBXResourcesBuildPhase;
			buildActionMask = 2147483647;
			files = (
				0E57E96C1E6F386D00EF0546 /* list_flights in Resources */,
				0EAFB1371E6F27CD00E30801 /* LaunchScreen.storyboard in Resources */,
				0E319A6C1E6F4B5600C092A8 /* ic_next.png in Resources */,
				0EAFB1341E6F27CD00E30801 /* Assets.xcassets in Resources */,
				0E49DE661E707E0D000118A6 /* ic_arrow_right.png in Resources */,
				0EAFB1321E6F27CD00E30801 /* Main.storyboard in Resources */,
			);
			runOnlyForDeploymentPostprocessing = 0;
		};
/* End PBXResourcesBuildPhase section */

/* Begin PBXShellScriptBuildPhase section */
		44632F6210C900B494DD6DF5 /* [CP] Embed Pods Frameworks */ = {
			isa = PBXShellScriptBuildPhase;
			buildActionMask = 2147483647;
			files = (
			);
			inputPaths = (
			);
			name = "[CP] Embed Pods Frameworks";
			outputPaths = (
			);
			runOnlyForDeploymentPostprocessing = 0;
			shellPath = /bin/sh;
			shellScript = "\"${SRCROOT}/Pods/Target Support Files/Pods-KiwiPopularDes/Pods-KiwiPopularDes-frameworks.sh\"\n";
			showEnvVarsInLog = 0;
		};
		9799EFEB956B1F42A36076AC /* [CP] Check Pods Manifest.lock */ = {
			isa = PBXShellScriptBuildPhase;
			buildActionMask = 2147483647;
			files = (
			);
			inputPaths = (
			);
			name = "[CP] Check Pods Manifest.lock";
			outputPaths = (
			);
			runOnlyForDeploymentPostprocessing = 0;
			shellPath = /bin/sh;
			shellScript = "diff \"${PODS_ROOT}/../Podfile.lock\" \"${PODS_ROOT}/Manifest.lock\" > /dev/null\nif [ $? != 0 ] ; then\n    # print error to STDERR\n    echo \"error: The sandbox is not in sync with the Podfile.lock. Run 'pod install' or update your CocoaPods installation.\" >&2\n    exit 1\nfi\n";
			showEnvVarsInLog = 0;
		};
		E49DB62BBA116CBFD5BD3BA1 /* [CP] Copy Pods Resources */ = {
			isa = PBXShellScriptBuildPhase;
			buildActionMask = 2147483647;
			files = (
			);
			inputPaths = (
			);
			name = "[CP] Copy Pods Resources";
			outputPaths = (
			);
			runOnlyForDeploymentPostprocessing = 0;
			shellPath = /bin/sh;
			shellScript = "\"${SRCROOT}/Pods/Target Support Files/Pods-KiwiPopularDes/Pods-KiwiPopularDes-resources.sh\"\n";
			showEnvVarsInLog = 0;
		};
/* End PBXShellScriptBuildPhase section */

/* Begin PBXSourcesBuildPhase section */
		0EAFB1251E6F27CC00E30801 /* Sources */ = {
			isa = PBXSourcesBuildPhase;
			buildActionMask = 2147483647;
			files = (
				0E57E9691E6F373A00EF0546 /* Flight.swift in Sources */,
				0EAFB12D1E6F27CD00E30801 /* AppDelegate.swift in Sources */,
				0E49DE691E709AC7000118A6 /* Helper.swift in Sources */,
				0E83006D1E6F831F001FCD8F /* FlightDetailViewController.swift in Sources */,
				0E57E9671E6F350300EF0546 /* ListDestinationViewController.swift in Sources */,
			);
			runOnlyForDeploymentPostprocessing = 0;
		};
/* End PBXSourcesBuildPhase section */

/* Begin PBXVariantGroup section */
		0EAFB1301E6F27CD00E30801 /* Main.storyboard */ = {
			isa = PBXVariantGroup;
			children = (
				0EAFB1311E6F27CD00E30801 /* Base */,
			);
			name = Main.storyboard;
			sourceTree = "<group>";
		};
		0EAFB1351E6F27CD00E30801 /* LaunchScreen.storyboard */ = {
			isa = PBXVariantGroup;
			children = (
				0EAFB1361E6F27CD00E30801 /* Base */,
			);
			name = LaunchScreen.storyboard;
			sourceTree = "<group>";
		};
/* End PBXVariantGroup section */

/* Begin XCBuildConfiguration section */
		0EAFB1391E6F27CD00E30801 /* Debug */ = {
			isa = XCBuildConfiguration;
			buildSettings = {
				ALWAYS_SEARCH_USER_PATHS = NO;
				CLANG_ANALYZER_NONNULL = YES;
				CLANG_CXX_LANGUAGE_STANDARD = "gnu++0x";
				CLANG_CXX_LIBRARY = "libc++";
				CLANG_ENABLE_MODULES = YES;
				CLANG_ENABLE_OBJC_ARC = YES;
				CLANG_WARN_BOOL_CONVERSION = YES;
				CLANG_WARN_CONSTANT_CONVERSION = YES;
				CLANG_WARN_DIRECT_OBJC_ISA_USAGE = YES_ERROR;
				CLANG_WARN_DOCUMENTATION_COMMENTS = YES;
				CLANG_WARN_EMPTY_BODY = YES;
				CLANG_WARN_ENUM_CONVERSION = YES;
				CLANG_WARN_INFINITE_RECURSION = YES;
				CLANG_WARN_INT_CONVERSION = YES;
				CLANG_WARN_OBJC_ROOT_CLASS = YES_ERROR;
				CLANG_WARN_SUSPICIOUS_MOVE = YES;
				CLANG_WARN_UNREACHABLE_CODE = YES;
				CLANG_WARN__DUPLICATE_METHOD_MATCH = YES;
				"CODE_SIGN_IDENTITY[sdk=iphoneos*]" = "iPhone Developer";
				COPY_PHASE_STRIP = NO;
				DEBUG_INFORMATION_FORMAT = dwarf;
				ENABLE_STRICT_OBJC_MSGSEND = YES;
				ENABLE_TESTABILITY = YES;
				GCC_C_LANGUAGE_STANDARD = gnu99;
				GCC_DYNAMIC_NO_PIC = NO;
				GCC_NO_COMMON_BLOCKS = YES;
				GCC_OPTIMIZATION_LEVEL = 0;
				GCC_PREPROCESSOR_DEFINITIONS = (
					"DEBUG=1",
					"$(inherited)",
				);
				GCC_WARN_64_TO_32_BIT_CONVERSION = YES;
				GCC_WARN_ABOUT_RETURN_TYPE = YES_ERROR;
				GCC_WARN_UNDECLARED_SELECTOR = YES;
				GCC_WARN_UNINITIALIZED_AUTOS = YES_AGGRESSIVE;
				GCC_WARN_UNUSED_FUNCTION = YES;
				GCC_WARN_UNUSED_VARIABLE = YES;
				IPHONEOS_DEPLOYMENT_TARGET = 10.2;
				MTL_ENABLE_DEBUG_INFO = YES;
				ONLY_ACTIVE_ARCH = YES;
				SDKROOT = iphoneos;
				SWIFT_ACTIVE_COMPILATION_CONDITIONS = DEBUG;
				SWIFT_OPTIMIZATION_LEVEL = "-Onone";
			};
			name = Debug;
		};
		0EAFB13A1E6F27CD00E30801 /* Release */ = {
			isa = XCBuildConfiguration;
			buildSettings = {
				ALWAYS_SEARCH_USER_PATHS = NO;
				CLANG_ANALYZER_NONNULL = YES;
				CLANG_CXX_LANGUAGE_STANDARD = "gnu++0x";
				CLANG_CXX_LIBRARY = "libc++";
				CLANG_ENABLE_MODULES = YES;
				CLANG_ENABLE_OBJC_ARC = YES;
				CLANG_WARN_BOOL_CONVERSION = YES;
				CLANG_WARN_CONSTANT_CONVERSION = YES;
				CLANG_WARN_DIRECT_OBJC_ISA_USAGE = YES_ERROR;
				CLANG_WARN_DOCUMENTATION_COMMENTS = YES;
				CLANG_WARN_EMPTY_BODY = YES;
				CLANG_WARN_ENUM_CONVERSION = YES;
				CLANG_WARN_INFINITE_RECURSION = YES;
				CLANG_WARN_INT_CONVERSION = YES;
				CLANG_WARN_OBJC_ROOT_CLASS = YES_ERROR;
				CLANG_WARN_SUSPICIOUS_MOVE = YES;
				CLANG_WARN_UNREACHABLE_CODE = YES;
				CLANG_WARN__DUPLICATE_METHOD_MATCH = YES;
				"CODE_SIGN_IDENTITY[sdk=iphoneos*]" = "iPhone Developer";
				COPY_PHASE_STRIP = NO;
				DEBUG_INFORMATION_FORMAT = "dwarf-with-dsym";
				ENABLE_NS_ASSERTIONS = NO;
				ENABLE_STRICT_OBJC_MSGSEND = YES;
				GCC_C_LANGUAGE_STANDARD = gnu99;
				GCC_NO_COMMON_BLOCKS = YES;
				GCC_WARN_64_TO_32_BIT_CONVERSION = YES;
				GCC_WARN_ABOUT_RETURN_TYPE = YES_ERROR;
				GCC_WARN_UNDECLARED_SELECTOR = YES;
				GCC_WARN_UNINITIALIZED_AUTOS = YES_AGGRESSIVE;
				GCC_WARN_UNUSED_FUNCTION = YES;
				GCC_WARN_UNUSED_VARIABLE = YES;
				IPHONEOS_DEPLOYMENT_TARGET = 10.2;
				MTL_ENABLE_DEBUG_INFO = NO;
				SDKROOT = iphoneos;
				SWIFT_OPTIMIZATION_LEVEL = "-Owholemodule";
				VALIDATE_PRODUCT = YES;
			};
			name = Release;
		};
		0EAFB13C1E6F27CD00E30801 /* Debug */ = {
			isa = XCBuildConfiguration;
			baseConfigurationReference = 4BBD3C6E1B9CBC95CDB724E5 /* Pods-KiwiPopularDes.debug.xcconfig */;
			buildSettings = {
				ASSETCATALOG_COMPILER_APPICON_NAME = AppIcon;
				DEVELOPMENT_TEAM = RCL8D853WN;
				INFOPLIST_FILE = KiwiPopularDes/Info.plist;
				LD_RUNPATH_SEARCH_PATHS = "$(inherited) @executable_path/Frameworks";
				PRODUCT_BUNDLE_IDENTIFIER = com.tekninza.KiwiPopularDes;
				PRODUCT_NAME = "$(TARGET_NAME)";
				SWIFT_VERSION = 3.0;
				TARGETED_DEVICE_FAMILY = 1;
			};
			name = Debug;
		};
		0EAFB13D1E6F27CD00E30801 /* Release */ = {
			isa = XCBuildConfiguration;
			baseConfigurationReference = 5AE56FB5396FD9D0F2A0836F /* Pods-KiwiPopularDes.release.xcconfig */;
			buildSettings = {
				ASSETCATALOG_COMPILER_APPICON_NAME = AppIcon;
				DEVELOPMENT_TEAM = RCL8D853WN;
				INFOPLIST_FILE = KiwiPopularDes/Info.plist;
				LD_RUNPATH_SEARCH_PATHS = "$(inherited) @executable_path/Frameworks";
				PRODUCT_BUNDLE_IDENTIFIER = com.tekninza.KiwiPopularDes;
				PRODUCT_NAME = "$(TARGET_NAME)";
				SWIFT_VERSION = 3.0;
				TARGETED_DEVICE_FAMILY = 1;
			};
			name = Release;
		};
/* End XCBuildConfiguration section */

/* Begin XCConfigurationList section */
		0EAFB1241E6F27CC00E30801 /* Build configuration list for PBXProject "KiwiPopularDes" */ = {
			isa = XCConfigurationList;
			buildConfigurations = (
				0EAFB1391E6F27CD00E30801 /* Debug */,
				0EAFB13A1E6F27CD00E30801 /* Release */,
			);
			defaultConfigurationIsVisible = 0;
			defaultConfigurationName = Release;
		};
		0EAFB13B1E6F27CD00E30801 /* Build configuration list for PBXNativeTarget "KiwiPopularDes" */ = {
			isa = XCConfigurationList;
			buildConfigurations = (
				0EAFB13C1E6F27CD00E30801 /* Debug */,
				0EAFB13D1E6F27CD00E30801 /* Release */,
			);
			defaultConfigurationIsVisible = 0;
			defaultConfigurationName = Release;
		};
/* End XCConfigurationList section */
	};
	rootObject = 0EAFB1211E6F27CC00E30801 /* Project object */;
}
