PODS:
  - Alamofire (4.0.1)

DEPENDENCIES:
  - Alamofire (from `https://github.com/Homely/Alamofire.git`, branch `ios8`)

EXTERNAL SOURCES:
  Alamofire:
    :branch: ios8
    :git: https://github.com/Homely/Alamofire.git

CHECKOUT OPTIONS:
  Alamofire:
    :commit: 276386cf230cb7e91964ca0021e7ddfa58d2439c
    :git: https://github.com/Homely/Alamofire.git

SPEC CHECKSUMS:
  Alamofire: d8ab1487ca8accacde5d0c65ae8144bdf9a264b8

PODFILE CHECKSUM: f7669389263d7d552c26cd27e524865d81e9e3ae

COCOAPODS: 1.2.0.beta.1
